
Microsoft Visual Studio Solution File, Format Version 12.00
# Visual Studio Version 16
VisualStudioVersion = 16.0.30523.141
MinimumVisualStudioVersion = 10.0.40219.1
Project("{FAE04EC0-301F-11D3-BF4B-00C04F79EFBC}") = "Csharp-basics", "Csharp-basics\Csharp-basics.csproj", "{4AAD683D-B93B-4209-9203-C77A7D4E111C}"
EndProject
Project("{FAE04EC0-301F-11D3-BF4B-00C04F79EFBC}") = "methods", "methods\methods.csproj", "{9E088B9C-C7B6-4057-B10A-9FBC6EB01506}"
EndProject
Global
	GlobalSection(SolutionConfigurationPlatforms) = preSolution
		Debug|Any CPU = Debug|Any CPU
		Release|Any CPU = Release|Any CPU
	EndGlobalSection
	GlobalSection(ProjectConfigurationPlatforms) = postSolution
		{4AAD683D-B93B-4209-9203-C77A7D4E111C}.Debug|Any CPU.ActiveCfg = Debug|Any CPU
		{4AAD683D-B93B-4209-9203-C77A7D4E111C}.Debug|Any CPU.Build.0 = Debug|Any CPU
		{4AAD683D-B93B-4209-9203-C77A7D4E111C}.Release|Any CPU.ActiveCfg = Release|Any CPU
		{4AAD683D-B93B-4209-9203-C77A7D4E111C}.Release|Any CPU.Build.0 = Release|Any CPU
		{9E088B9C-C7B6-4057-B10A-9FBC6EB01506}.Debug|Any CPU.ActiveCfg = Debug|Any CPU
		{9E088B9C-C7B6-4057-B10A-9FBC6EB01506}.Debug|Any CPU.Build.0 = Debug|Any CPU
		{9E088B9C-C7B6-4057-B10A-9FBC6EB01506}.Release|Any CPU.ActiveCfg = Release|Any CPU
		{9E088B9C-C7B6-4057-B10A-9FBC6EB01506}.Release|Any CPU.Build.0 = Release|Any CPU
	EndGlobalSection
	GlobalSection(SolutionProperties) = preSolution
		HideSolutionNode = FALSE
	EndGlobalSection
	GlobalSection(ExtensibilityGlobals) = postSolution
		SolutionGuid = {9BA0F5FF-5A13-45C6-BDB6-06C79576D7F8}
	EndGlobalSection
EndGlobal
